{
  "adrs": {},
  "landmarks": {
    "changeset-guard": {
      "file": ".github/workflows/ci.yaml",
      "line": 34,
      "node": "/"
    },
    "oxfmt-mirror-root": {
      "file": ".oxfmtrc.jsonc",
      "line": 9,
      "node": "/"
    },
    "oxlint-base": {
      "file": "packages/oxlint/index.mjs",
      "line": 41,
      "node": "packages/oxlint"
    },
    "oxlint-extends-objects": {
      "file": "packages/oxlint/index.mjs",
      "line": 94,
      "node": "packages/oxlint"
    },
    "oxlint-js-plugins": {
      "file": "packages/oxlint/oxlintrc.jsonc",
      "line": 53,
      "node": "packages/oxlint"
    },
    "oxlint-peer-coupling": {
      "file": "packages/oxlint/oxlintrc.jsonc",
      "line": 80,
      "node": "packages/oxlint"
    },
    "oxlint-tsgolint-pairing": {
      "file": "packages/oxlint/oxlintrc.jsonc",
      "line": 27,
      "node": "packages/oxlint"
    },
    "release-app-token": {
      "file": ".github/workflows/release.yaml",
      "line": 63,
      "node": "/"
    },
    "release-approval-gate": {
      "file": ".github/workflows/release.yaml",
      "line": 76,
      "node": "/"
    },
    "rule-existence-guard": {
      "file": "packages/oxlint/__tests__/rule-existence.test.js",
      "line": 25,
      "node": "packages/oxlint"
    },
    "rule-inventory-gate": {
      "file": "packages/oxlint/__tests__/rule-inventory.test.js",
      "line": 13,
      "node": "packages/oxlint"
    }
  },
  "nodes": {
    "/": {
      "budget": null,
      "claims": [
        {
          "anchor": "※ changeset-guard",
          "enforced_by": null,
          "id": "changeset-guard",
          "kind": "invariant",
          "resolved": ".github/workflows/ci.yaml:34",
          "text": "MINIMUM BUMP — pre-1.0 every changeset is patch, or minor for a breaking change; major is forbidden until a deliberate 1.0, and the ci check job fails on one",
          "verified": {
            "digest": null,
            "sha": "201e529b2a3574f06f506e7587ebc5fee0abb64c"
          }
        },
        {
          "anchor": "※ oxfmt-mirror-root",
          "enforced_by": null,
          "id": "oxfmt-mirror-root",
          "kind": "hazard",
          "resolved": ".oxfmtrc.jsonc:9",
          "text": "MIRRORED PAIR — every base key in packages/oxfmt/oxfmtrc.json must also appear here in .oxfmtrc.jsonc; oxfmt has no `extends`, so the two files are edited together",
          "verified": {
            "digest": null,
            "sha": "201e529b2a3574f06f506e7587ebc5fee0abb64c"
          }
        },
        {
          "anchor": "※ release-app-token",
          "enforced_by": null,
          "id": "release-app-token",
          "kind": "hazard",
          "resolved": ".github/workflows/release.yaml:63",
          "text": "VERSION PR TOKEN — the Version Packages PR must be opened with the release app token, never GITHUB_TOKEN: GITHUB_TOKEN-created events trigger no workflows, so the required check never runs and the PR can never merge",
          "verified": {
            "digest": null,
            "sha": "201e529b2a3574f06f506e7587ebc5fee0abb64c"
          }
        },
        {
          "anchor": "※ release-approval-gate",
          "enforced_by": null,
          "id": "release-approval-gate",
          "kind": "invariant",
          "resolved": ".github/workflows/release.yaml:76",
          "text": "RELEASE APPROVAL — a patch-only Version Packages PR auto-merges; any minor (or post-1.0 major) bump skips auto-merge, and ci's required check fails on that PR until the owner applies the release:signed-off label — the label is the sign-off, and agents never apply it",
          "verified": {
            "digest": null,
            "sha": "201e529b2a3574f06f506e7587ebc5fee0abb64c"
          }
        },
        {
          "anchor": "README.md#releasing",
          "enforced_by": null,
          "id": "releasing",
          "kind": "hazard",
          "resolved": "README.md:17",
          "text": "ROOT NAME — the workspace root is named typescript-monorepo, never typescript: changesets treats a workspace named like a dependency (@jlg/tsconfig peers on typescript) as satisfying it, reads its missing version, and every changeset command crashes with ERR_INVALID_ARG_TYPE",
          "verified": {
            "digest": null,
            "sha": "201e529b2a3574f06f506e7587ebc5fee0abb64c"
          }
        }
      ],
      "commands": {
        "changeset": "bun run changeset",
        "fmt:check": "bun run fmt:check",
        "lint": "bun run lint",
        "test": "bun test"
      },
      "contains": [
        "packages"
      ],
      "declared": {
        "allow": [],
        "decided_by": [],
        "depends": []
      },
      "extracted": {
        "imports": []
      },
      "id": "/",
      "kind": "system",
      "purpose": "Bun-workspace monorepo that publishes the @jlg toolchain configs to npm — oxlint (lint), oxfmt (format), tsconfig. No app code; the packages ARE the product. Releases are changesets-driven."
    },
    "packages": {
      "budget": null,
      "claims": [],
      "commands": {},
      "contains": [
        "packages/oxfmt",
        "packages/oxlint"
      ],
      "declared": {
        "allow": [],
        "decided_by": [],
        "depends": []
      },
      "extracted": {
        "imports": []
      },
      "id": "packages",
      "kind": "container",
      "purpose": "The three shipped configs. oxlint and oxfmt each carry a base ruleset plus the guard tests that keep it honest; tsconfig is a single shared tsconfig.json. Per-package detail lives in each node."
    },
    "packages/oxfmt": {
      "budget": null,
      "claims": [
        {
          "anchor": "packages/oxfmt/README.md#relationship-to-the-repo-root",
          "enforced_by": null,
          "id": "relationship-to-the-repo-root",
          "kind": "hazard",
          "resolved": "packages/oxfmt/README.md:95",
          "text": "MIRRORED PAIR — every key in this oxfmtrc.json must also appear in the repo-root .oxfmtrc.jsonc; oxfmt has no `extends`, so the base cannot compose by reference and the two are edited together",
          "verified": {
            "digest": null,
            "sha": "201e529b2a3574f06f506e7587ebc5fee0abb64c"
          }
        }
      ],
      "commands": {
        "test": "bun run --filter '@jlg/oxfmt' test"
      },
      "contains": [],
      "declared": {
        "allow": [],
        "decided_by": [],
        "depends": []
      },
      "extracted": {
        "imports": []
      },
      "id": "packages/oxfmt",
      "kind": "container",
      "purpose": "Canonical oxfmt settings — formatter companion to @jlg/oxlint. oxfmtrc.json ships one opinion (singleQuote); index.mjs merges it in (oxfmt has no `extends`). Repo-local keys stay in the consumer."
    },
    "packages/oxlint": {
      "budget": null,
      "claims": [
        {
          "anchor": "※ oxlint-base",
          "enforced_by": null,
          "id": "oxlint-base",
          "kind": "invariant",
          "resolved": "packages/oxlint/index.mjs:41",
          "text": "SINGLE SOURCE OF TRUTH — oxlintrc.jsonc is the only base ruleset; index.mjs parses it at import (absolutizing jsPlugins paths) so the JS and raw-JSONC entries share one ruleset; defineConfig adds only override ordering and root settings; never fork the data",
          "verified": {
            "digest": "57e72f7514aa1949e0d9e8a52df4720b91ddefc548a94e394fa695dd06470c0a",
            "sha": "201e529b2a3574f06f506e7587ebc5fee0abb64c"
          }
        },
        {
          "anchor": "※ oxlint-extends-objects",
          "enforced_by": null,
          "id": "oxlint-extends-objects",
          "kind": "hazard",
          "resolved": "packages/oxlint/index.mjs:94",
          "text": "JS-CONFIG RUNTIME — oxlint/oxfmt .config.ts files evaluate under Node >=22.18 through the bins' node shebang, plain `bun run`/`bunx` included, but under Bun with `bun --bun` — as do oxlint's JS plugins (probed 2026-10-09); in a JS config oxlint `extends` takes config OBJECTS, not path strings",
          "verified": {
            "digest": "57e72f7514aa1949e0d9e8a52df4720b91ddefc548a94e394fa695dd06470c0a",
            "sha": "201e529b2a3574f06f506e7587ebc5fee0abb64c"
          }
        },
        {
          "anchor": "※ oxlint-js-plugins",
          "enforced_by": null,
          "id": "oxlint-js-plugins",
          "kind": "hazard",
          "resolved": "packages/oxlint/oxlintrc.jsonc:53",
          "text": "JS PLUGINS — oxlintrc.jsonc's jsPlugins run 42 dropped @jlg/eslint rules as ESLint rule code, plus the inline-directive ban; every entry is a local plugins/*.mjs (a bare specifier cannot resolve from an isolated install's symlink) adapted to oxlint's host by host.mjs; JS plugins are alpha, so oxlint is pinned exactly; a plugin that fails to load rejects the WHOLE config, and one that loads can report nothing (eslint-plugin-unicorn 77; 66 stubs two rules, hence the 60.0.0 pin) — js-plugins.test.js installs the packed tarball under both bun linkers, lints through JSON and JS consumers on node and bun, and fails unless every configured rule reports; typescript6.mjs redirects typescript-eslint's typescript import to @typescript/typescript6",
          "verified": {
            "digest": null,
            "sha": "201e529b2a3574f06f506e7587ebc5fee0abb64c"
          }
        },
        {
          "anchor": "※ oxlint-peer-coupling",
          "enforced_by": null,
          "id": "oxlint-peer-coupling",
          "kind": "hazard",
          "resolved": "packages/oxlint/oxlintrc.jsonc:80",
          "text": "PEER COUPLING — peerDependencies.oxlint is exact while JS plugins are alpha; naming a version-N-only rule in oxlintrc.jsonc puts a floor of N under any range it widens to (older consumers hard-fail on the unknown name); category-activated rules don't",
          "verified": {
            "digest": null,
            "sha": "201e529b2a3574f06f506e7587ebc5fee0abb64c"
          }
        },
        {
          "anchor": "※ oxlint-tsgolint-pairing",
          "enforced_by": null,
          "id": "oxlint-tsgolint-pairing",
          "kind": "hazard",
          "resolved": "packages/oxlint/oxlintrc.jsonc:27",
          "text": "VERSION PAIRING — oxlint 1.87 declares peer oxlint-tsgolint >=7.0.2003 (probed 2026-10-09); an old tsgolint breaks type-aware SILENTLY ('Failed to find tsgolint executable') and a TS-free repo still lints green; probe type-aware directly when bumping",
          "verified": {
            "digest": null,
            "sha": "201e529b2a3574f06f506e7587ebc5fee0abb64c"
          }
        },
        {
          "anchor": "※ rule-existence-guard",
          "enforced_by": null,
          "id": "rule-existence-guard",
          "kind": "hazard",
          "resolved": "packages/oxlint/__tests__/rule-existence.test.js:25",
          "text": "FOOTGUN — an unknown rule NAME hard-fails the whole oxlint config (exit 1, nothing lints); a valid rule whose plugin isn't enabled is a SILENT no-op; both guarded by rule-existence.test.js",
          "verified": {
            "digest": "6d12e20c0e743a5e50a5a85e5f297b5beab603c117bc1ddbef35690d0b7f9278",
            "sha": "201e529b2a3574f06f506e7587ebc5fee0abb64c"
          }
        },
        {
          "anchor": "※ rule-inventory-gate",
          "enforced_by": null,
          "id": "rule-inventory-gate",
          "kind": "invariant",
          "resolved": "packages/oxlint/__tests__/rule-inventory.test.js:13",
          "text": "SNAPSHOT GATE — the rule-inventory bun snapshot is the review gate for oxlint version bumps; a bump adds new rules to on-categories as consumer-facing errors, so regen and review the diff",
          "verified": {
            "digest": "746584b149e6ec5113e28497d926947746053f461e44b9182cd9290aebfe156e",
            "sha": "201e529b2a3574f06f506e7587ebc5fee0abb64c"
          }
        },
        {
          "anchor": "packages/oxlint/README.md#testing",
          "enforced_by": null,
          "id": "testing",
          "kind": "hazard",
          "resolved": "packages/oxlint/README.md:475",
          "text": "SNAPSHOT RESOLUTION — the guard tests resolve oxlint from packages/oxlint/node_modules first, so a root-only oxlint bump leaves packages/oxlint's devDependency (and the regenerated snapshot) on the OLD catalog with a silent no-diff; bump both package.json files together",
          "verified": {
            "digest": null,
            "sha": "201e529b2a3574f06f506e7587ebc5fee0abb64c"
          }
        }
      ],
      "commands": {
        "snapshot-regen": "bun run --filter '@jlg/oxlint' test --update-snapshots",
        "test": "bun run --filter '@jlg/oxlint' test"
      },
      "contains": [],
      "declared": {
        "allow": [],
        "decided_by": [],
        "depends": []
      },
      "extracted": {
        "imports": []
      },
      "id": "packages/oxlint",
      "kind": "container",
      "purpose": "Shareable oxlint base config (successor to @jlg/eslint). oxlintrc.jsonc is the base ruleset; index.mjs exposes defineConfig/base for JS configs. Maximalist — every category on, then curated overrides."
    }
  },
  "version": 2
}
